<?xml version="1.0" encoding="utf-8"?>
<Project ToolsVersion="4.0" xmlns="http://schemas.microsoft.com/developer/msbuild/2003">
  <ItemGroup>
    <Filter Include="Source Files">
      <UniqueIdentifier>{4FC737F1-C7A5-4376-A066-2A32D752A2FF}</UniqueIdentifier>
      <Extensions>cpp;c;cc;cxx;def;odl;idl;hpj;bat;asm;asmx</Extensions>
    </Filter>
    <Filter Include="Header Files">
      <UniqueIdentifier>{93995380-89BD-4b04-88EB-625FBE52EBFB}</UniqueIdentifier>
      <Extensions>h;hh;hpp;hxx;hm;inl;inc;xsd</Extensions>
    </Filter>
    <Filter Include="Resource Files">
      <UniqueIdentifier>{67DA6AB6-F800-4c08-8B7A-83BB121AAD01}</UniqueIdentifier>
      <Extensions>rc;ico;cur;bmp;dlg;rc2;rct;bin;rgs;gif;jpg;jpeg;jpe;resx;tiff;tif;png;wav;mfcribbon-ms</Extensions>
    </Filter>
    <Filter Include="Source Files\net">
      <UniqueIdentifier>{53eaca7e-c6af-44ea-80e3-b52d0fd27d58}</UniqueIdentifier>
    </Filter>
    <Filter Include="Source Files\data">
      <UniqueIdentifier>{b5bf60ca-9980-47a2-99bd-4010dc8653f5}</UniqueIdentifier>
    </Filter>
    <Filter Include="Header Files\net">
      <UniqueIdentifier>{50a08c12-6719-46b4-8c32-9a6814a685ce}</UniqueIdentifier>
    </Filter>
    <Filter Include="Header Files\data">
      <UniqueIdentifier>{ae1c35e8-f8fc-4027-8307-14b8e7214bbb}</UniqueIdentifier>
    </Filter>
    <Filter Include="Source Files\tests">
      <UniqueIdentifier>{d0930bdb-129d-4025-8750-54a979dce415}</UniqueIdentifier>
    </Filter>
    <Filter Include="Source Files\tests\net">
      <UniqueIdentifier>{4058584d-f3bf-4926-bc89-8acc3fda8d40}</UniqueIdentifier>
    </Filter>
    <Filter Include="Source Files\tests\data">
      <UniqueIdentifier>{c72cf9fc-25a5-451e-98b9-481fdbdb46d0}</UniqueIdentifier>
    </Filter>
  </ItemGroup>
  <ItemGroup>
    <ClCompile Include="main.cpp">
      <Filter>Source Files</Filter>
    </ClCompile>
    <ClCompile Include="net\url.cpp">
      <Filter>Source Files\net</Filter>
    </ClCompile>
    <ClCompile Include="data\urltitleextractor.cpp">
      <Filter>Source Files\data</Filter>
    </ClCompile>
    <ClCompile Include="data\urltitlecollector.cpp">
      <Filter>Source Files\data</Filter>
    </ClCompile>
    <ClCompile Include="net\context.cpp">
      <Filter>Source Files\net</Filter>
    </ClCompile>
    <ClCompile Include="net\httpsconnection.cpp">
      <Filter>Source Files\net</Filter>
    </ClCompile>
    <ClCompile Include="net\contextimpl.cpp">
      <Filter>Source Files\net</Filter>
    </ClCompile>
    <ClCompile Include="data\httpprovider.cpp">
      <Filter>Source Files\data</Filter>
    </ClCompile>
    <ClCompile Include="data\htmlparser.cpp">
      <Filter>Source Files\data</Filter>
    </ClCompile>
    <ClCompile Include="net\httpconnection.cpp">
      <Filter>Source Files\net</Filter>
    </ClCompile>
    <ClCompile Include="..\Tests\maintest.cpp">
      <Filter>Source Files\tests</Filter>
    </ClCompile>
    <ClCompile Include="..\Tests\net\urlTest.cpp">
      <Filter>Source Files\tests\net</Filter>
    </ClCompile>
  </ItemGroup>
  <ItemGroup>
    <ClInclude Include="net\url.h">
      <Filter>Header Files\net</Filter>
    </ClInclude>
    <ClInclude Include="data\iconnection.h">
      <Filter>Header Files\data</Filter>
    </ClInclude>
    <ClInclude Include="data\urltitleextractor.h">
      <Filter>Header Files\data</Filter>
    </ClInclude>
    <ClInclude Include="data\urltitlecollector.h">
      <Filter>Header Files\data</Filter>
    </ClInclude>
    <ClInclude Include="data\iurltitlecollector.h">
      <Filter>Header Files\data</Filter>
    </ClInclude>
    <ClInclude Include="net\context.h">
      <Filter>Header Files\net</Filter>
    </ClInclude>
    <ClInclude Include="net\httpsconnection.h">
      <Filter>Header Files\net</Filter>
    </ClInclude>
    <ClInclude Include="net\contextimpl.h">
      <Filter>Header Files\net</Filter>
    </ClInclude>
    <ClInclude Include="data\ihttpprovider.h">
      <Filter>Header Files\data</Filter>
    </ClInclude>
    <ClInclude Include="data\httpprovider.h">
      <Filter>Header Files\data</Filter>
    </ClInclude>
    <ClInclude Include="data\ihtmlparser.h">
      <Filter>Header Files\data</Filter>
    </ClInclude>
    <ClInclude Include="data\htmlparser.h">
      <Filter>Header Files\data</Filter>
    </ClInclude>
    <ClInclude Include="net\httpconnection.h">
      <Filter>Header Files\net</Filter>
    </ClInclude>
    <ClInclude Include="options.h">
      <Filter>Header Files</Filter>
    </ClInclude>
  </ItemGroup>
</Project>